
Microsoft Visual Studio Solution File, Format Version 12.00
Project("{FAE04EC0-301F-11D3-BF4B-00C04F79EFBC}") = "SquareEmpire", "SquareEmpire\SquareEmpire.csproj", "{59642E4E-1575-43B8-B3A3-051D70441A29}"
EndProject
Project("{FAE04EC0-301F-11D3-BF4B-00C04F79EFBC}") = "SquareEmpireTests", "SquareEmpireTests\SquareEmpireTests.csproj", "{E8986533-26CB-40A9-A016-5ACFD3957B7D}"
EndProject
Global
	GlobalSection(SolutionConfigurationPlatforms) = preSolution
		Debug|Any CPU = Debug|Any CPU
		Release|Any CPU = Release|Any CPU
	EndGlobalSection
	GlobalSection(ProjectConfigurationPlatforms) = postSolution
		{59642E4E-1575-43B8-B3A3-051D70441A29}.Debug|Any CPU.ActiveCfg = Debug|Any CPU
		{59642E4E-1575-43B8-B3A3-051D70441A29}.Debug|Any CPU.Build.0 = Debug|Any CPU
		{59642E4E-1575-43B8-B3A3-051D70441A29}.Release|Any CPU.ActiveCfg = Release|Any CPU
		{59642E4E-1575-43B8-B3A3-051D70441A29}.Release|Any CPU.Build.0 = Release|Any CPU
		{E8986533-26CB-40A9-A016-5ACFD3957B7D}.Debug|Any CPU.ActiveCfg = Debug|Any CPU
		{E8986533-26CB-40A9-A016-5ACFD3957B7D}.Debug|Any CPU.Build.0 = Debug|Any CPU
		{E8986533-26CB-40A9-A016-5ACFD3957B7D}.Release|Any CPU.ActiveCfg = Release|Any CPU
		{E8986533-26CB-40A9-A016-5ACFD3957B7D}.Release|Any CPU.Build.0 = Release|Any CPU
	EndGlobalSection
EndGlobal
